
Microsoft Visual Studio Solution File, Format Version 12.00
# Visual Studio 14
VisualStudioVersion = 14.0.25420.1
MinimumVisualStudioVersion = 10.0.40219.1
Project("{FAE04EC0-301F-11D3-BF4B-00C04F79EFBC}") = "TypeBoundaries", "TypeBoundaries\TypeBoundaries.csproj", "{E797F7B0-5AE9-4664-9B33-A66B16B53080}"
EndProject
Project("{FAE04EC0-301F-11D3-BF4B-00C04F79EFBC}") = "NumberChecker", "NumberChecker\NumberChecker.csproj", "{707E9115-A6B5-43B6-B820-4714D74C152A}"
EndProject
Project("{FAE04EC0-301F-11D3-BF4B-00C04F79EFBC}") = "WaterOverflow", "WaterOverflow\WaterOverflow.csproj", "{34B57F8B-9809-4B9E-886F-22E1D362218C}"
EndProject
Project("{FAE04EC0-301F-11D3-BF4B-00C04F79EFBC}") = "TouristInformation", "TouristInformation\TouristInformation.csproj", "{361E5E96-0C91-4831-AE6A-9C4868804116}"
EndProject
Project("{FAE04EC0-301F-11D3-BF4B-00C04F79EFBC}") = "WeatherForecast", "WeatherForecast\WeatherForecast.csproj", "{0F58BA33-2FE8-4A06-962E-EB7AA11B6F67}"
EndProject
Project("{FAE04EC0-301F-11D3-BF4B-00C04F79EFBC}") = "CatchTheThief", "CatchTheThief\CatchTheThief.csproj", "{03D42BA8-42CC-4471-B85E-B1BBF4996AE7}"
EndProject
Project("{FAE04EC0-301F-11D3-BF4B-00C04F79EFBC}") = "HouseBuilder", "HouseBuilder\HouseBuilder.csproj", "{D5AD7C5C-03F8-4E01-85AB-6F64C075FE42}"
EndProject
Project("{FAE04EC0-301F-11D3-BF4B-00C04F79EFBC}") = "SentenceTheThief", "SentenceTheThief\SentenceTheThief.csproj", "{00E9504F-9005-4869-9FDF-0FED209E8769}"
EndProject
Project("{FAE04EC0-301F-11D3-BF4B-00C04F79EFBC}") = "MakeAWord", "MakeAWord\MakeAWord.csproj", "{2F769015-AA2C-4FE2-9C15-BD086C875A3E}"
EndProject
Project("{FAE04EC0-301F-11D3-BF4B-00C04F79EFBC}") = "SumOfCharacters", "SumOfCharacters\SumOfCharacters.csproj", "{F8EA731B-37F9-4E44-8653-04B5101C88FA}"
EndProject
Project("{FAE04EC0-301F-11D3-BF4B-00C04F79EFBC}") = "StringConcatenation", "StringConcatenation\StringConcatenation.csproj", "{A8C18089-BC03-409C-8CE2-CF973B0E2FF9}"
EndProject
Project("{FAE04EC0-301F-11D3-BF4B-00C04F79EFBC}") = "BeerKegs", "BeerKegs\BeerKegs.csproj", "{CEA864C5-7649-4DA4-A7B9-F0234D3FDBC4}"
EndProject
Project("{FAE04EC0-301F-11D3-BF4B-00C04F79EFBC}") = "DecryptingMessages", "DecryptingMessages\DecryptingMessages.csproj", "{BFC63C1B-14B8-4A09-A46A-2C5212690D76}"
EndProject
Project("{FAE04EC0-301F-11D3-BF4B-00C04F79EFBC}") = "BoatSimulator", "BoatSimulator\BoatSimulator.csproj", "{06393C22-8918-457A-B541-8F7603D510C8}"
EndProject
Project("{FAE04EC0-301F-11D3-BF4B-00C04F79EFBC}") = "BalancedBrackets", "BalancedBrackets\BalancedBrackets.csproj", "{EA46BA1D-7D63-4FC9-B10B-3C172EF018B9}"
EndProject
Global
	GlobalSection(SolutionConfigurationPlatforms) = preSolution
		Debug|Any CPU = Debug|Any CPU
		Release|Any CPU = Release|Any CPU
	EndGlobalSection
	GlobalSection(ProjectConfigurationPlatforms) = postSolution
		{E797F7B0-5AE9-4664-9B33-A66B16B53080}.Debug|Any CPU.ActiveCfg = Debug|Any CPU
		{E797F7B0-5AE9-4664-9B33-A66B16B53080}.Debug|Any CPU.Build.0 = Debug|Any CPU
		{E797F7B0-5AE9-4664-9B33-A66B16B53080}.Release|Any CPU.ActiveCfg = Release|Any CPU
		{E797F7B0-5AE9-4664-9B33-A66B16B53080}.Release|Any CPU.Build.0 = Release|Any CPU
		{707E9115-A6B5-43B6-B820-4714D74C152A}.Debug|Any CPU.ActiveCfg = Debug|Any CPU
		{707E9115-A6B5-43B6-B820-4714D74C152A}.Debug|Any CPU.Build.0 = Debug|Any CPU
		{707E9115-A6B5-43B6-B820-4714D74C152A}.Release|Any CPU.ActiveCfg = Release|Any CPU
		{707E9115-A6B5-43B6-B820-4714D74C152A}.Release|Any CPU.Build.0 = Release|Any CPU
		{34B57F8B-9809-4B9E-886F-22E1D362218C}.Debug|Any CPU.ActiveCfg = Debug|Any CPU
		{34B57F8B-9809-4B9E-886F-22E1D362218C}.Debug|Any CPU.Build.0 = Debug|Any CPU
		{34B57F8B-9809-4B9E-886F-22E1D362218C}.Release|Any CPU.ActiveCfg = Release|Any CPU
		{34B57F8B-9809-4B9E-886F-22E1D362218C}.Release|Any CPU.Build.0 = Release|Any CPU
		{361E5E96-0C91-4831-AE6A-9C4868804116}.Debug|Any CPU.ActiveCfg = Debug|Any CPU
		{361E5E96-0C91-4831-AE6A-9C4868804116}.Debug|Any CPU.Build.0 = Debug|Any CPU
		{361E5E96-0C91-4831-AE6A-9C4868804116}.Release|Any CPU.ActiveCfg = Release|Any CPU
		{361E5E96-0C91-4831-AE6A-9C4868804116}.Release|Any CPU.Build.0 = Release|Any CPU
		{0F58BA33-2FE8-4A06-962E-EB7AA11B6F67}.Debug|Any CPU.ActiveCfg = Debug|Any CPU
		{0F58BA33-2FE8-4A06-962E-EB7AA11B6F67}.Debug|Any CPU.Build.0 = Debug|Any CPU
		{0F58BA33-2FE8-4A06-962E-EB7AA11B6F67}.Release|Any CPU.ActiveCfg = Release|Any CPU
		{0F58BA33-2FE8-4A06-962E-EB7AA11B6F67}.Release|Any CPU.Build.0 = Release|Any CPU
		{03D42BA8-42CC-4471-B85E-B1BBF4996AE7}.Debug|Any CPU.ActiveCfg = Debug|Any CPU
		{03D42BA8-42CC-4471-B85E-B1BBF4996AE7}.Debug|Any CPU.Build.0 = Debug|Any CPU
		{03D42BA8-42CC-4471-B85E-B1BBF4996AE7}.Release|Any CPU.ActiveCfg = Release|Any CPU
		{03D42BA8-42CC-4471-B85E-B1BBF4996AE7}.Release|Any CPU.Build.0 = Release|Any CPU
		{D5AD7C5C-03F8-4E01-85AB-6F64C075FE42}.Debug|Any CPU.ActiveCfg = Debug|Any CPU
		{D5AD7C5C-03F8-4E01-85AB-6F64C075FE42}.Debug|Any CPU.Build.0 = Debug|Any CPU
		{D5AD7C5C-03F8-4E01-85AB-6F64C075FE42}.Release|Any CPU.ActiveCfg = Release|Any CPU
		{D5AD7C5C-03F8-4E01-85AB-6F64C075FE42}.Release|Any CPU.Build.0 = Release|Any CPU
		{00E9504F-9005-4869-9FDF-0FED209E8769}.Debug|Any CPU.ActiveCfg = Debug|Any CPU
		{00E9504F-9005-4869-9FDF-0FED209E8769}.Debug|Any CPU.Build.0 = Debug|Any CPU
		{00E9504F-9005-4869-9FDF-0FED209E8769}.Release|Any CPU.ActiveCfg = Release|Any CPU
		{00E9504F-9005-4869-9FDF-0FED209E8769}.Release|Any CPU.Build.0 = Release|Any CPU
		{2F769015-AA2C-4FE2-9C15-BD086C875A3E}.Debug|Any CPU.ActiveCfg = Debug|Any CPU
		{2F769015-AA2C-4FE2-9C15-BD086C875A3E}.Debug|Any CPU.Build.0 = Debug|Any CPU
		{2F769015-AA2C-4FE2-9C15-BD086C875A3E}.Release|Any CPU.ActiveCfg = Release|Any CPU
		{2F769015-AA2C-4FE2-9C15-BD086C875A3E}.Release|Any CPU.Build.0 = Release|Any CPU
		{F8EA731B-37F9-4E44-8653-04B5101C88FA}.Debug|Any CPU.ActiveCfg = Debug|Any CPU
		{F8EA731B-37F9-4E44-8653-04B5101C88FA}.Debug|Any CPU.Build.0 = Debug|Any CPU
		{F8EA731B-37F9-4E44-8653-04B5101C88FA}.Release|Any CPU.ActiveCfg = Release|Any CPU
		{F8EA731B-37F9-4E44-8653-04B5101C88FA}.Release|Any CPU.Build.0 = Release|Any CPU
		{A8C18089-BC03-409C-8CE2-CF973B0E2FF9}.Debug|Any CPU.ActiveCfg = Debug|Any CPU
		{A8C18089-BC03-409C-8CE2-CF973B0E2FF9}.Debug|Any CPU.Build.0 = Debug|Any CPU
		{A8C18089-BC03-409C-8CE2-CF973B0E2FF9}.Release|Any CPU.ActiveCfg = Release|Any CPU
		{A8C18089-BC03-409C-8CE2-CF973B0E2FF9}.Release|Any CPU.Build.0 = Release|Any CPU
		{CEA864C5-7649-4DA4-A7B9-F0234D3FDBC4}.Debug|Any CPU.ActiveCfg = Debug|Any CPU
		{CEA864C5-7649-4DA4-A7B9-F0234D3FDBC4}.Debug|Any CPU.Build.0 = Debug|Any CPU
		{CEA864C5-7649-4DA4-A7B9-F0234D3FDBC4}.Release|Any CPU.ActiveCfg = Release|Any CPU
		{CEA864C5-7649-4DA4-A7B9-F0234D3FDBC4}.Release|Any CPU.Build.0 = Release|Any CPU
		{BFC63C1B-14B8-4A09-A46A-2C5212690D76}.Debug|Any CPU.ActiveCfg = Debug|Any CPU
		{BFC63C1B-14B8-4A09-A46A-2C5212690D76}.Debug|Any CPU.Build.0 = Debug|Any CPU
		{BFC63C1B-14B8-4A09-A46A-2C5212690D76}.Release|Any CPU.ActiveCfg = Release|Any CPU
		{BFC63C1B-14B8-4A09-A46A-2C5212690D76}.Release|Any CPU.Build.0 = Release|Any CPU
		{06393C22-8918-457A-B541-8F7603D510C8}.Debug|Any CPU.ActiveCfg = Debug|Any CPU
		{06393C22-8918-457A-B541-8F7603D510C8}.Debug|Any CPU.Build.0 = Debug|Any CPU
		{06393C22-8918-457A-B541-8F7603D510C8}.Release|Any CPU.ActiveCfg = Release|Any CPU
		{06393C22-8918-457A-B541-8F7603D510C8}.Release|Any CPU.Build.0 = Release|Any CPU
		{EA46BA1D-7D63-4FC9-B10B-3C172EF018B9}.Debug|Any CPU.ActiveCfg = Debug|Any CPU
		{EA46BA1D-7D63-4FC9-B10B-3C172EF018B9}.Debug|Any CPU.Build.0 = Debug|Any CPU
		{EA46BA1D-7D63-4FC9-B10B-3C172EF018B9}.Release|Any CPU.ActiveCfg = Release|Any CPU
		{EA46BA1D-7D63-4FC9-B10B-3C172EF018B9}.Release|Any CPU.Build.0 = Release|Any CPU
	EndGlobalSection
	GlobalSection(SolutionProperties) = preSolution
		HideSolutionNode = FALSE
	EndGlobalSection
EndGlobal
